
Microsoft Visual Studio Solution File, Format Version 12.00
# Visual Studio Version 16
VisualStudioVersion = 16.0.30320.27
MinimumVisualStudioVersion = 10.0.40219.1
Project("{FAE04EC0-301F-11D3-BF4B-00C04F79EFBC}") = "GameManagerBot", "GameManagerBot\GameManagerBot.csproj", "{97194135-2B74-45C9-B130-8ADC7244C1AD}"
EndProject
Global
	GlobalSection(SolutionConfigurationPlatforms) = preSolution
		Debug|Any CPU = Debug|Any CPU
		Release|Any CPU = Release|Any CPU
	EndGlobalSection
	GlobalSection(ProjectConfigurationPlatforms) = postSolution
		{97194135-2B74-45C9-B130-8ADC7244C1AD}.Debug|Any CPU.ActiveCfg = Debug|Any CPU
		{97194135-2B74-45C9-B130-8ADC7244C1AD}.Debug|Any CPU.Build.0 = Debug|Any CPU
		{97194135-2B74-45C9-B130-8ADC7244C1AD}.Release|Any CPU.ActiveCfg = Release|Any CPU
		{97194135-2B74-45C9-B130-8ADC7244C1AD}.Release|Any CPU.Build.0 = Release|Any CPU
	EndGlobalSection
	GlobalSection(SolutionProperties) = preSolution
		HideSolutionNode = FALSE
	EndGlobalSection
	GlobalSection(ExtensibilityGlobals) = postSolution
		SolutionGuid = {FB7F6C81-F1FB-4DE2-B6E5-FAF2E1CC148D}
	EndGlobalSection
EndGlobal
